
Microsoft Visual Studio Solution File, Format Version 12.00
# Visual Studio Version 16
VisualStudioVersion = 16.0.29215.179
MinimumVisualStudioVersion = 10.0.40219.1
Project("{FAE04EC0-301F-11D3-BF4B-00C04F79EFBC}") = "Word Separator", "Word Separator\Word Separator.csproj", "{7009EC0C-081E-4AA8-A944-C7BBA581CDE8}"
EndProject
Global
	GlobalSection(SolutionConfigurationPlatforms) = preSolution
		Debug|Any CPU = Debug|Any CPU
		Release|Any CPU = Release|Any CPU
	EndGlobalSection
	GlobalSection(ProjectConfigurationPlatforms) = postSolution
		{7009EC0C-081E-4AA8-A944-C7BBA581CDE8}.Debug|Any CPU.ActiveCfg = Debug|Any CPU
		{7009EC0C-081E-4AA8-A944-C7BBA581CDE8}.Debug|Any CPU.Build.0 = Debug|Any CPU
		{7009EC0C-081E-4AA8-A944-C7BBA581CDE8}.Release|Any CPU.ActiveCfg = Release|Any CPU
		{7009EC0C-081E-4AA8-A944-C7BBA581CDE8}.Release|Any CPU.Build.0 = Release|Any CPU
	EndGlobalSection
	GlobalSection(SolutionProperties) = preSolution
		HideSolutionNode = FALSE
	EndGlobalSection
	GlobalSection(ExtensibilityGlobals) = postSolution
		SolutionGuid = {C0490B52-0C87-4347-AC11-7744E4A05939}
	EndGlobalSection
EndGlobal
