
Microsoft Visual Studio Solution File, Format Version 12.00
# Visual Studio Version 16
VisualStudioVersion = 16.0.28803.352
MinimumVisualStudioVersion = 10.0.40219.1
Project("{FAE04EC0-301F-11D3-BF4B-00C04F79EFBC}") = "Write Class Information to File", "Write Class Information to File\Write Class Information to File.csproj", "{79606053-970E-41CB-8C1C-B5DD6D355301}"
EndProject
Project("{FAE04EC0-301F-11D3-BF4B-00C04F79EFBC}") = "PersonClassLibrary", "PersonClassLibrary\PersonClassLibrary.csproj", "{A329F344-5309-47CE-8693-BF7EF546001E}"
EndProject
Global
	GlobalSection(SolutionConfigurationPlatforms) = preSolution
		Debug|Any CPU = Debug|Any CPU
		Release|Any CPU = Release|Any CPU
	EndGlobalSection
	GlobalSection(ProjectConfigurationPlatforms) = postSolution
		{79606053-970E-41CB-8C1C-B5DD6D355301}.Debug|Any CPU.ActiveCfg = Debug|Any CPU
		{79606053-970E-41CB-8C1C-B5DD6D355301}.Debug|Any CPU.Build.0 = Debug|Any CPU
		{79606053-970E-41CB-8C1C-B5DD6D355301}.Release|Any CPU.ActiveCfg = Release|Any CPU
		{79606053-970E-41CB-8C1C-B5DD6D355301}.Release|Any CPU.Build.0 = Release|Any CPU
		{A329F344-5309-47CE-8693-BF7EF546001E}.Debug|Any CPU.ActiveCfg = Debug|Any CPU
		{A329F344-5309-47CE-8693-BF7EF546001E}.Debug|Any CPU.Build.0 = Debug|Any CPU
		{A329F344-5309-47CE-8693-BF7EF546001E}.Release|Any CPU.ActiveCfg = Release|Any CPU
		{A329F344-5309-47CE-8693-BF7EF546001E}.Release|Any CPU.Build.0 = Release|Any CPU
	EndGlobalSection
	GlobalSection(SolutionProperties) = preSolution
		HideSolutionNode = FALSE
	EndGlobalSection
	GlobalSection(ExtensibilityGlobals) = postSolution
		SolutionGuid = {7D76B1C9-30ED-4A23-B988-5144DC793DF0}
	EndGlobalSection
EndGlobal
